
Microsoft Visual Studio Solution File, Format Version 12.00
# Visual Studio Version 17
VisualStudioVersion = 17.13.35931.197
MinimumVisualStudioVersion = 10.0.40219.1
Project("{FAE04EC0-301F-11D3-BF4B-00C04F79EFBC}") = "ProjectStructure01", "ProjectStructure01\ProjectStructure01.csproj", "{BA5632B4-08D1-4EDA-952A-21AE776E023A}"
EndProject
Project("{FAE04EC0-301F-11D3-BF4B-00C04F79EFBC}") = "ProjectStructure.Share", "ProjectStructure.Share\ProjectStructure.Share.csproj", "{49A3D6D7-9E9C-4BF7-9CF0-41E2186B70C8}"
EndProject
Global
	GlobalSection(SolutionConfigurationPlatforms) = preSolution
		Debug|Any CPU = Debug|Any CPU
		Release|Any CPU = Release|Any CPU
	EndGlobalSection
	GlobalSection(ProjectConfigurationPlatforms) = postSolution
		{BA5632B4-08D1-4EDA-952A-21AE776E023A}.Debug|Any CPU.ActiveCfg = Debug|Any CPU
		{BA5632B4-08D1-4EDA-952A-21AE776E023A}.Debug|Any CPU.Build.0 = Debug|Any CPU
		{BA5632B4-08D1-4EDA-952A-21AE776E023A}.Release|Any CPU.ActiveCfg = Release|Any CPU
		{BA5632B4-08D1-4EDA-952A-21AE776E023A}.Release|Any CPU.Build.0 = Release|Any CPU
		{49A3D6D7-9E9C-4BF7-9CF0-41E2186B70C8}.Debug|Any CPU.ActiveCfg = Debug|Any CPU
		{49A3D6D7-9E9C-4BF7-9CF0-41E2186B70C8}.Debug|Any CPU.Build.0 = Debug|Any CPU
		{49A3D6D7-9E9C-4BF7-9CF0-41E2186B70C8}.Release|Any CPU.ActiveCfg = Release|Any CPU
		{49A3D6D7-9E9C-4BF7-9CF0-41E2186B70C8}.Release|Any CPU.Build.0 = Release|Any CPU
	EndGlobalSection
	GlobalSection(SolutionProperties) = preSolution
		HideSolutionNode = FALSE
	EndGlobalSection
	GlobalSection(ExtensibilityGlobals) = postSolution
		SolutionGuid = {79ADA5CB-0918-4FAE-AC7E-0B2F146715D9}
	EndGlobalSection
EndGlobal
